
Microsoft Visual Studio Solution File, Format Version 12.00
# Visual Studio Version 17
VisualStudioVersion = 17.2.32616.157
MinimumVisualStudioVersion = 10.0.40219.1
Project("{8BC9CEB8-8B4A-11D0-8D11-00A0C91BC942}") = "导航系统", "导航系统\导航系统.vcxproj", "{458ABA70-4301-4179-BC53-8E238BE87BCD}"
EndProject
Global
	GlobalSection(SolutionConfigurationPlatforms) = preSolution
		Debug|x64 = Debug|x64
		Debug|x86 = Debug|x86
		Release|x64 = Release|x64
		Release|x86 = Release|x86
	EndGlobalSection
	GlobalSection(ProjectConfigurationPlatforms) = postSolution
		{458ABA70-4301-4179-BC53-8E238BE87BCD}.Debug|x64.ActiveCfg = Debug|x64
		{458ABA70-4301-4179-BC53-8E238BE87BCD}.Debug|x64.Build.0 = Debug|x64
		{458ABA70-4301-4179-BC53-8E238BE87BCD}.Debug|x86.ActiveCfg = Debug|Win32
		{458ABA70-4301-4179-BC53-8E238BE87BCD}.Debug|x86.Build.0 = Debug|Win32
		{458ABA70-4301-4179-BC53-8E238BE87BCD}.Release|x64.ActiveCfg = Release|x64
		{458ABA70-4301-4179-BC53-8E238BE87BCD}.Release|x64.Build.0 = Release|x64
		{458ABA70-4301-4179-BC53-8E238BE87BCD}.Release|x86.ActiveCfg = Release|Win32
		{458ABA70-4301-4179-BC53-8E238BE87BCD}.Release|x86.Build.0 = Release|Win32
	EndGlobalSection
	GlobalSection(SolutionProperties) = preSolution
		HideSolutionNode = FALSE
	EndGlobalSection
	GlobalSection(ExtensibilityGlobals) = postSolution
		SolutionGuid = {79519EFE-EE1D-4D8F-B499-A277BDD8411F}
	EndGlobalSection
EndGlobal
